
Microsoft Visual Studio Solution File, Format Version 12.00
# Visual Studio Version 17
VisualStudioVersion = 17.8.34330.188
MinimumVisualStudioVersion = 10.0.40219.1
Project("{FAE04EC0-301F-11D3-BF4B-00C04F79EFBC}") = "CRDataManager", "CRDataManager\CRDataManager.csproj", "{DC3A8530-0015-4DDF-8074-318477DC02D7}"
EndProject
Global
	GlobalSection(SolutionConfigurationPlatforms) = preSolution
		Debug|Any CPU = Debug|Any CPU
		Release|Any CPU = Release|Any CPU
	EndGlobalSection
	GlobalSection(ProjectConfigurationPlatforms) = postSolution
		{DC3A8530-0015-4DDF-8074-318477DC02D7}.Debug|Any CPU.ActiveCfg = Debug|Any CPU
		{DC3A8530-0015-4DDF-8074-318477DC02D7}.Debug|Any CPU.Build.0 = Debug|Any CPU
		{DC3A8530-0015-4DDF-8074-318477DC02D7}.Release|Any CPU.ActiveCfg = Release|Any CPU
		{DC3A8530-0015-4DDF-8074-318477DC02D7}.Release|Any CPU.Build.0 = Release|Any CPU
	EndGlobalSection
	GlobalSection(SolutionProperties) = preSolution
		HideSolutionNode = FALSE
	EndGlobalSection
	GlobalSection(ExtensibilityGlobals) = postSolution
		SolutionGuid = {A89540C9-FC03-4A13-91D7-E16B3F10D8E1}
	EndGlobalSection
EndGlobal
